
Microsoft Visual Studio Solution File, Format Version 12.00
# Visual Studio Version 17
VisualStudioVersion = 17.9.34728.123
MinimumVisualStudioVersion = 10.0.40219.1
Project("{9A19103F-16F7-4668-BE54-9A1E7A4F7556}") = "Project", "Project.csproj", "{F5CEF2BC-DCC8-4F5B-ADF2-EB7F8958EAD2}"
EndProject
Global
	GlobalSection(SolutionConfigurationPlatforms) = preSolution
		Debug|Any CPU = Debug|Any CPU
		Release|Any CPU = Release|Any CPU
	EndGlobalSection
	GlobalSection(ProjectConfigurationPlatforms) = postSolution
		{F5CEF2BC-DCC8-4F5B-ADF2-EB7F8958EAD2}.Debug|Any CPU.ActiveCfg = Debug|Any CPU
		{F5CEF2BC-DCC8-4F5B-ADF2-EB7F8958EAD2}.Debug|Any CPU.Build.0 = Debug|Any CPU
		{F5CEF2BC-DCC8-4F5B-ADF2-EB7F8958EAD2}.Release|Any CPU.ActiveCfg = Release|Any CPU
		{F5CEF2BC-DCC8-4F5B-ADF2-EB7F8958EAD2}.Release|Any CPU.Build.0 = Release|Any CPU
	EndGlobalSection
	GlobalSection(SolutionProperties) = preSolution
		HideSolutionNode = FALSE
	EndGlobalSection
	GlobalSection(ExtensibilityGlobals) = postSolution
		SolutionGuid = {A9B605E0-DE45-4B9D-9E5F-4493FE3AE6C0}
	EndGlobalSection
EndGlobal
